
Microsoft Visual Studio Solution File, Format Version 12.00
# Visual Studio Version 17
VisualStudioVersion = 17.5.33414.496
MinimumVisualStudioVersion = 10.0.40219.1
Project("{9A19103F-16F7-4668-BE54-9A1E7A4F7556}") = "SchoolProject.API", "SchoolProject\SchoolProject.API.csproj", "{838E01EE-9C4E-414A-8ED8-31C5F9F80B0D}"
EndProject
Project("{FAE04EC0-301F-11D3-BF4B-00C04F79EFBC}") = "SchoolProject.DAL", "SchoolProject.DAL\SchoolProject.DAL.csproj", "{2D266B21-8800-4F57-BA98-494CCD17E9C3}"
EndProject
Project("{FAE04EC0-301F-11D3-BF4B-00C04F79EFBC}") = "SchoolProject.BL", "SchoolProject.BL\SchoolProject.BL.csproj", "{3C7E529E-4BD3-435F-8AC1-050097F45716}"
EndProject
Global
	GlobalSection(SolutionConfigurationPlatforms) = preSolution
		Debug|Any CPU = Debug|Any CPU
		Release|Any CPU = Release|Any CPU
	EndGlobalSection
	GlobalSection(ProjectConfigurationPlatforms) = postSolution
		{838E01EE-9C4E-414A-8ED8-31C5F9F80B0D}.Debug|Any CPU.ActiveCfg = Debug|Any CPU
		{838E01EE-9C4E-414A-8ED8-31C5F9F80B0D}.Debug|Any CPU.Build.0 = Debug|Any CPU
		{838E01EE-9C4E-414A-8ED8-31C5F9F80B0D}.Release|Any CPU.ActiveCfg = Release|Any CPU
		{838E01EE-9C4E-414A-8ED8-31C5F9F80B0D}.Release|Any CPU.Build.0 = Release|Any CPU
		{2D266B21-8800-4F57-BA98-494CCD17E9C3}.Debug|Any CPU.ActiveCfg = Debug|Any CPU
		{2D266B21-8800-4F57-BA98-494CCD17E9C3}.Debug|Any CPU.Build.0 = Debug|Any CPU
		{2D266B21-8800-4F57-BA98-494CCD17E9C3}.Release|Any CPU.ActiveCfg = Release|Any CPU
		{2D266B21-8800-4F57-BA98-494CCD17E9C3}.Release|Any CPU.Build.0 = Release|Any CPU
		{3C7E529E-4BD3-435F-8AC1-050097F45716}.Debug|Any CPU.ActiveCfg = Debug|Any CPU
		{3C7E529E-4BD3-435F-8AC1-050097F45716}.Debug|Any CPU.Build.0 = Debug|Any CPU
		{3C7E529E-4BD3-435F-8AC1-050097F45716}.Release|Any CPU.ActiveCfg = Release|Any CPU
		{3C7E529E-4BD3-435F-8AC1-050097F45716}.Release|Any CPU.Build.0 = Release|Any CPU
	EndGlobalSection
	GlobalSection(SolutionProperties) = preSolution
		HideSolutionNode = FALSE
	EndGlobalSection
	GlobalSection(ExtensibilityGlobals) = postSolution
		SolutionGuid = {B1D2A461-7D4C-4F0F-A5D8-4A982D01C531}
	EndGlobalSection
EndGlobal
